// !$*UTF8*$!
{
	archiveVersion = 1;
	classes = {
	};
	objectVersion = 46;
	objects = {

/* Begin PBXBuildFile section */
		183E74B21E81FACE00B3B14B /* main.m in Sources */ = {isa = PBXBuildFile; fileRef = 183E74B11E81FACE00B3B14B /* main.m */; };
		183E74B51E81FACE00B3B14B /* AppDelegate.m in Sources */ = {isa = PBXBuildFile; fileRef = 183E74B41E81FACE00B3B14B /* AppDelegate.m */; };
		183E74B81E81FACE00B3B14B /* ViewController.m in Sources */ = {isa = PBXBuildFile; fileRef = 183E74B71E81FACE00B3B14B /* ViewController.m */; };
		183E74BB1E81FACE00B3B14B /* Main.storyboard in Resources */ = {isa = PBXBuildFile; fileRef = 183E74B91E81FACE00B3B14B /* Main.storyboard */; };
		183E74BD1E81FACE00B3B14B /* Assets.xcassets in Resources */ = {isa = PBXBuildFile; fileRef = 183E74BC1E81FACE00B3B14B /* Assets.xcassets */; };
		183E74C01E81FACE00B3B14B /* LaunchScreen.storyboard in Resources */ = {isa = PBXBuildFile; fileRef = 183E74BE1E81FACE00B3B14B /* LaunchScreen.storyboard */; };
		183E74CB1E81FACE00B3B14B /* DemoOfPlayTests.m in Sources */ = {isa = PBXBuildFile; fileRef = 183E74CA1E81FACE00B3B14B /* DemoOfPlayTests.m */; };
		183E74D61E81FACE00B3B14B /* DemoOfPlayUITests.m in Sources */ = {isa = PBXBuildFile; fileRef = 183E74D51E81FACE00B3B14B /* DemoOfPlayUITests.m */; };
		183E75611E8284CC00B3B14B /* LICENSE in Resources */ = {isa = PBXBuildFile; fileRef = 183E75451E8284CC00B3B14B /* LICENSE */; };
		183E75621E8284CC00B3B14B /* MASCompositeConstraint.m in Sources */ = {isa = PBXBuildFile; fileRef = 183E75481E8284CC00B3B14B /* MASCompositeConstraint.m */; };
		183E75631E8284CC00B3B14B /* MASConstraint.m in Sources */ = {isa = PBXBuildFile; fileRef = 183E754B1E8284CC00B3B14B /* MASConstraint.m */; };
		183E75641E8284CC00B3B14B /* MASConstraintMaker.m in Sources */ = {isa = PBXBuildFile; fileRef = 183E754D1E8284CC00B3B14B /* MASConstraintMaker.m */; };
		183E75651E8284CC00B3B14B /* MASLayoutConstraint.m in Sources */ = {isa = PBXBuildFile; fileRef = 183E754F1E8284CC00B3B14B /* MASLayoutConstraint.m */; };
		183E75661E8284CC00B3B14B /* MASViewAttribute.m in Sources */ = {isa = PBXBuildFile; fileRef = 183E75531E8284CC00B3B14B /* MASViewAttribute.m */; };
		183E75671E8284CC00B3B14B /* MASViewConstraint.m in Sources */ = {isa = PBXBuildFile; fileRef = 183E75551E8284CC00B3B14B /* MASViewConstraint.m */; };
		183E75681E8284CC00B3B14B /* NSArray+MASAdditions.m in Sources */ = {isa = PBXBuildFile; fileRef = 183E75571E8284CC00B3B14B /* NSArray+MASAdditions.m */; };
		183E75691E8284CC00B3B14B /* NSLayoutConstraint+MASDebugAdditions.m in Sources */ = {isa = PBXBuildFile; fileRef = 183E755A1E8284CC00B3B14B /* NSLayoutConstraint+MASDebugAdditions.m */; };
		183E756A1E8284CC00B3B14B /* View+MASAdditions.m in Sources */ = {isa = PBXBuildFile; fileRef = 183E755C1E8284CC00B3B14B /* View+MASAdditions.m */; };
		183E756B1E8284CC00B3B14B /* ViewController+MASAdditions.m in Sources */ = {isa = PBXBuildFile; fileRef = 183E755F1E8284CC00B3B14B /* ViewController+MASAdditions.m */; };
		183E756C1E8284CC00B3B14B /* README.md in Sources */ = {isa = PBXBuildFile; fileRef = 183E75601E8284CC00B3B14B /* README.md */; };
		183E75AF1E8392A400B3B14B /* CLPlayer.bundle in Resources */ = {isa = PBXBuildFile; fileRef = 183E75A81E8392A400B3B14B /* CLPlayer.bundle */; };
		183E75B01E8392A400B3B14B /* CLPlayerMaskView.m in Sources */ = {isa = PBXBuildFile; fileRef = 183E75AA1E8392A400B3B14B /* CLPlayerMaskView.m */; };
		183E75B11E8392A400B3B14B /* CLPlayerView.m in Sources */ = {isa = PBXBuildFile; fileRef = 183E75AC1E8392A400B3B14B /* CLPlayerView.m */; };
		183E75B21E8392A400B3B14B /* CLSlider.m in Sources */ = {isa = PBXBuildFile; fileRef = 183E75AE1E8392A400B3B14B /* CLSlider.m */; };
		183E75C11E83B36900B3B14B /* FastForwardView.m in Sources */ = {isa = PBXBuildFile; fileRef = 183E75BA1E83B36900B3B14B /* FastForwardView.m */; };
		183E75C21E83B36900B3B14B /* FastForwardView.xib in Resources */ = {isa = PBXBuildFile; fileRef = 183E75BB1E83B36900B3B14B /* FastForwardView.xib */; };
		183E75C31E83B36900B3B14B /* WMLightView.m in Sources */ = {isa = PBXBuildFile; fileRef = 183E75BD1E83B36900B3B14B /* WMLightView.m */; };
		183E75C41E83B36900B3B14B /* WMPlayer.bundle in Resources */ = {isa = PBXBuildFile; fileRef = 183E75BE1E83B36900B3B14B /* WMPlayer.bundle */; };
		183E75C51E83B36900B3B14B /* WMPlayer.m in Sources */ = {isa = PBXBuildFile; fileRef = 183E75C01E83B36900B3B14B /* WMPlayer.m */; };
		18FD4E591E8B84D9002709E7 /* secondViewController.m in Sources */ = {isa = PBXBuildFile; fileRef = 18FD4E581E8B84D9002709E7 /* secondViewController.m */; };
/* End PBXBuildFile section */

/* Begin PBXContainerItemProxy section */
		183E74C71E81FACE00B3B14B /* PBXContainerItemProxy */ = {
			isa = PBXContainerItemProxy;
			containerPortal = 183E74A51E81FACE00B3B14B /* Project object */;
			proxyType = 1;
			remoteGlobalIDString = 183E74AC1E81FACE00B3B14B;
			remoteInfo = DemoOfPlay;
		};
		183E74D21E81FACE00B3B14B /* PBXContainerItemProxy */ = {
			isa = PBXContainerItemProxy;
			containerPortal = 183E74A51E81FACE00B3B14B /* Project object */;
			proxyType = 1;
			remoteGlobalIDString = 183E74AC1E81FACE00B3B14B;
			remoteInfo = DemoOfPlay;
		};
/* End PBXContainerItemProxy section */

/* Begin PBXFileReference section */
		183E74AD1E81FACE00B3B14B /* DemoOfPlay.app */ = {isa = PBXFileReference; explicitFileType = wrapper.application; includeInIndex = 0; path = DemoOfPlay.app; sourceTree = BUILT_PRODUCTS_DIR; };
		183E74B11E81FACE00B3B14B /* main.m */ = {isa = PBXFileReference; lastKnownFileType = sourcecode.c.objc; path = main.m; sourceTree = "<group>"; };
		183E74B31E81FACE00B3B14B /* AppDelegate.h */ = {isa = PBXFileReference; lastKnownFileType = sourcecode.c.h; path = AppDelegate.h; sourceTree = "<group>"; };
		183E74B41E81FACE00B3B14B /* AppDelegate.m */ = {isa = PBXFileReference; lastKnownFileType = sourcecode.c.objc; path = AppDelegate.m; sourceTree = "<group>"; };
		183E74B61E81FACE00B3B14B /* ViewController.h */ = {isa = PBXFileReference; lastKnownFileType = sourcecode.c.h; path = ViewController.h; sourceTree = "<group>"; };
		183E74B71E81FACE00B3B14B /* ViewController.m */ = {isa = PBXFileReference; lastKnownFileType = sourcecode.c.objc; path = ViewController.m; sourceTree = "<group>"; };
		183E74BA1E81FACE00B3B14B /* Base */ = {isa = PBXFileReference; lastKnownFileType = file.storyboard; name = Base; path = Base.lproj/Main.storyboard; sourceTree = "<group>"; };
		183E74BC1E81FACE00B3B14B /* Assets.xcassets */ = {isa = PBXFileReference; lastKnownFileType = folder.assetcatalog; path = Assets.xcassets; sourceTree = "<group>"; };
		183E74BF1E81FACE00B3B14B /* Base */ = {isa = PBXFileReference; lastKnownFileType = file.storyboard; name = Base; path = Base.lproj/LaunchScreen.storyboard; sourceTree = "<group>"; };
		183E74C11E81FACE00B3B14B /* Info.plist */ = {isa = PBXFileReference; lastKnownFileType = text.plist.xml; path = Info.plist; sourceTree = "<group>"; };
		183E74C61E81FACE00B3B14B /* DemoOfPlayTests.xctest */ = {isa = PBXFileReference; explicitFileType = wrapper.cfbundle; includeInIndex = 0; path = DemoOfPlayTests.xctest; sourceTree = BUILT_PRODUCTS_DIR; };
		183E74CA1E81FACE00B3B14B /* DemoOfPlayTests.m */ = {isa = PBXFileReference; lastKnownFileType = sourcecode.c.objc; path = DemoOfPlayTests.m; sourceTree = "<group>"; };
		183E74CC1E81FACE00B3B14B /* Info.plist */ = {isa = PBXFileReference; lastKnownFileType = text.plist.xml; path = Info.plist; sourceTree = "<group>"; };
		183E74D11E81FACE00B3B14B /* DemoOfPlayUITests.xctest */ = {isa = PBXFileReference; explicitFileType = wrapper.cfbundle; includeInIndex = 0; path = DemoOfPlayUITests.xctest; sourceTree = BUILT_PRODUCTS_DIR; };
		183E74D51E81FACE00B3B14B /* DemoOfPlayUITests.m */ = {isa = PBXFileReference; lastKnownFileType = sourcecode.c.objc; path = DemoOfPlayUITests.m; sourceTree = "<group>"; };
		183E74D71E81FACE00B3B14B /* Info.plist */ = {isa = PBXFileReference; lastKnownFileType = text.plist.xml; path = Info.plist; sourceTree = "<group>"; };
		183E75451E8284CC00B3B14B /* LICENSE */ = {isa = PBXFileReference; fileEncoding = 4; lastKnownFileType = text; path = LICENSE; sourceTree = "<group>"; };
		183E75471E8284CC00B3B14B /* MASCompositeConstraint.h */ = {isa = PBXFileReference; fileEncoding = 4; lastKnownFileType = sourcecode.c.h; path = MASCompositeConstraint.h; sourceTree = "<group>"; };
		183E75481E8284CC00B3B14B /* MASCompositeConstraint.m */ = {isa = PBXFileReference; fileEncoding = 4; lastKnownFileType = sourcecode.c.objc; path = MASCompositeConstraint.m; sourceTree = "<group>"; };
		183E75491E8284CC00B3B14B /* MASConstraint+Private.h */ = {isa = PBXFileReference; fileEncoding = 4; lastKnownFileType = sourcecode.c.h; path = "MASConstraint+Private.h"; sourceTree = "<group>"; };
		183E754A1E8284CC00B3B14B /* MASConstraint.h */ = {isa = PBXFileReference; fileEncoding = 4; lastKnownFileType = sourcecode.c.h; path = MASConstraint.h; sourceTree = "<group>"; };
		183E754B1E8284CC00B3B14B /* MASConstraint.m */ = {isa = PBXFileReference; fileEncoding = 4; lastKnownFileType = sourcecode.c.objc; path = MASConstraint.m; sourceTree = "<group>"; };
		183E754C1E8284CC00B3B14B /* MASConstraintMaker.h */ = {isa = PBXFileReference; fileEncoding = 4; lastKnownFileType = sourcecode.c.h; path = MASConstraintMaker.h; sourceTree = "<group>"; };
		183E754D1E8284CC00B3B14B /* MASConstraintMaker.m */ = {isa = PBXFileReference; fileEncoding = 4; lastKnownFileType = sourcecode.c.objc; path = MASConstraintMaker.m; sourceTree = "<group>"; };
		183E754E1E8284CC00B3B14B /* MASLayoutConstraint.h */ = {isa = PBXFileReference; fileEncoding = 4; lastKnownFileType = sourcecode.c.h; path = MASLayoutConstraint.h; sourceTree = "<group>"; };
		183E754F1E8284CC00B3B14B /* MASLayoutConstraint.m */ = {isa = PBXFileReference; fileEncoding = 4; lastKnownFileType = sourcecode.c.objc; path = MASLayoutConstraint.m; sourceTree = "<group>"; };
		183E75501E8284CC00B3B14B /* Masonry.h */ = {isa = PBXFileReference; fileEncoding = 4; lastKnownFileType = sourcecode.c.h; path = Masonry.h; sourceTree = "<group>"; };
		183E75511E8284CC00B3B14B /* MASUtilities.h */ = {isa = PBXFileReference; fileEncoding = 4; lastKnownFileType = sourcecode.c.h; path = MASUtilities.h; sourceTree = "<group>"; };
		183E75521E8284CC00B3B14B /* MASViewAttribute.h */ = {isa = PBXFileReference; fileEncoding = 4; lastKnownFileType = sourcecode.c.h; path = MASViewAttribute.h; sourceTree = "<group>"; };
		183E75531E8284CC00B3B14B /* MASViewAttribute.m */ = {isa = PBXFileReference; fileEncoding = 4; lastKnownFileType = sourcecode.c.objc; path = MASViewAttribute.m; sourceTree = "<group>"; };
		183E75541E8284CC00B3B14B /* MASViewConstraint.h */ = {isa = PBXFileReference; fileEncoding = 4; lastKnownFileType = sourcecode.c.h; path = MASViewConstraint.h; sourceTree = "<group>"; };
		183E75551E8284CC00B3B14B /* MASViewConstraint.m */ = {isa = PBXFileReference; fileEncoding = 4; lastKnownFileType = sourcecode.c.objc; path = MASViewConstraint.m; sourceTree = "<group>"; };
		183E75561E8284CC00B3B14B /* NSArray+MASAdditions.h */ = {isa = PBXFileReference; fileEncoding = 4; lastKnownFileType = sourcecode.c.h; path = "NSArray+MASAdditions.h"; sourceTree = "<group>"; };
		183E75571E8284CC00B3B14B /* NSArray+MASAdditions.m */ = {isa = PBXFileReference; fileEncoding = 4; lastKnownFileType = sourcecode.c.objc; path = "NSArray+MASAdditions.m"; sourceTree = "<group>"; };
		183E75581E8284CC00B3B14B /* NSArray+MASShorthandAdditions.h */ = {isa = PBXFileReference; fileEncoding = 4; lastKnownFileType = sourcecode.c.h; path = "NSArray+MASShorthandAdditions.h"; sourceTree = "<group>"; };
		183E75591E8284CC00B3B14B /* NSLayoutConstraint+MASDebugAdditions.h */ = {isa = PBXFileReference; fileEncoding = 4; lastKnownFileType = sourcecode.c.h; path = "NSLayoutConstraint+MASDebugAdditions.h"; sourceTree = "<group>"; };
		183E755A1E8284CC00B3B14B /* NSLayoutConstraint+MASDebugAdditions.m */ = {isa = PBXFileReference; fileEncoding = 4; lastKnownFileType = sourcecode.c.objc; path = "NSLayoutConstraint+MASDebugAdditions.m"; sourceTree = "<group>"; };
		183E755B1E8284CC00B3B14B /* View+MASAdditions.h */ = {isa = PBXFileReference; fileEncoding = 4; lastKnownFileType = sourcecode.c.h; path = "View+MASAdditions.h"; sourceTree = "<group>"; };
		183E755C1E8284CC00B3B14B /* View+MASAdditions.m */ = {isa = PBXFileReference; fileEncoding = 4; lastKnownFileType = sourcecode.c.objc; path = "View+MASAdditions.m"; sourceTree = "<group>"; };
		183E755D1E8284CC00B3B14B /* View+MASShorthandAdditions.h */ = {isa = PBXFileReference; fileEncoding = 4; lastKnownFileType = sourcecode.c.h; path = "View+MASShorthandAdditions.h"; sourceTree = "<group>"; };
		183E755E1E8284CC00B3B14B /* ViewController+MASAdditions.h */ = {isa = PBXFileReference; fileEncoding = 4; lastKnownFileType = sourcecode.c.h; path = "ViewController+MASAdditions.h"; sourceTree = "<group>"; };
		183E755F1E8284CC00B3B14B /* ViewController+MASAdditions.m */ = {isa = PBXFileReference; fileEncoding = 4; lastKnownFileType = sourcecode.c.objc; path = "ViewController+MASAdditions.m"; sourceTree = "<group>"; };
		183E75601E8284CC00B3B14B /* README.md */ = {isa = PBXFileReference; fileEncoding = 4; lastKnownFileType = net.daringfireball.markdown; path = README.md; sourceTree = "<group>"; };
		183E75A81E8392A400B3B14B /* CLPlayer.bundle */ = {isa = PBXFileReference; lastKnownFileType = "wrapper.plug-in"; path = CLPlayer.bundle; sourceTree = "<group>"; };
		183E75A91E8392A400B3B14B /* CLPlayerMaskView.h */ = {isa = PBXFileReference; fileEncoding = 4; lastKnownFileType = sourcecode.c.h; path = CLPlayerMaskView.h; sourceTree = "<group>"; };
		183E75AA1E8392A400B3B14B /* CLPlayerMaskView.m */ = {isa = PBXFileReference; fileEncoding = 4; lastKnownFileType = sourcecode.c.objc; path = CLPlayerMaskView.m; sourceTree = "<group>"; };
		183E75AB1E8392A400B3B14B /* CLPlayerView.h */ = {isa = PBXFileReference; fileEncoding = 4; lastKnownFileType = sourcecode.c.h; path = CLPlayerView.h; sourceTree = "<group>"; };
		183E75AC1E8392A400B3B14B /* CLPlayerView.m */ = {isa = PBXFileReference; fileEncoding = 4; lastKnownFileType = sourcecode.c.objc; path = CLPlayerView.m; sourceTree = "<group>"; };
		183E75AD1E8392A400B3B14B /* CLSlider.h */ = {isa = PBXFileReference; fileEncoding = 4; lastKnownFileType = sourcecode.c.h; path = CLSlider.h; sourceTree = "<group>"; };
		183E75AE1E8392A400B3B14B /* CLSlider.m */ = {isa = PBXFileReference; fileEncoding = 4; lastKnownFileType = sourcecode.c.objc; path = CLSlider.m; sourceTree = "<group>"; };
		183E75B91E83B36900B3B14B /* FastForwardView.h */ = {isa = PBXFileReference; fileEncoding = 4; lastKnownFileType = sourcecode.c.h; path = FastForwardView.h; sourceTree = "<group>"; };
		183E75BA1E83B36900B3B14B /* FastForwardView.m */ = {isa = PBXFileReference; fileEncoding = 4; lastKnownFileType = sourcecode.c.objc; path = FastForwardView.m; sourceTree = "<group>"; };
		183E75BB1E83B36900B3B14B /* FastForwardView.xib */ = {isa = PBXFileReference; fileEncoding = 4; lastKnownFileType = file.xib; path = FastForwardView.xib; sourceTree = "<group>"; };
		183E75BC1E83B36900B3B14B /* WMLightView.h */ = {isa = PBXFileReference; fileEncoding = 4; lastKnownFileType = sourcecode.c.h; path = WMLightView.h; sourceTree = "<group>"; };
		183E75BD1E83B36900B3B14B /* WMLightView.m */ = {isa = PBXFileReference; fileEncoding = 4; lastKnownFileType = sourcecode.c.objc; path = WMLightView.m; sourceTree = "<group>"; };
		183E75BE1E83B36900B3B14B /* WMPlayer.bundle */ = {isa = PBXFileReference; lastKnownFileType = "wrapper.plug-in"; path = WMPlayer.bundle; sourceTree = "<group>"; };
		183E75BF1E83B36900B3B14B /* WMPlayer.h */ = {isa = PBXFileReference; fileEncoding = 4; lastKnownFileType = sourcecode.c.h; path = WMPlayer.h; sourceTree = "<group>"; };
		183E75C01E83B36900B3B14B /* WMPlayer.m */ = {isa = PBXFileReference; fileEncoding = 4; lastKnownFileType = sourcecode.c.objc; path = WMPlayer.m; sourceTree = "<group>"; };
		18FD4E571E8B84D9002709E7 /* secondViewController.h */ = {isa = PBXFileReference; fileEncoding = 4; lastKnownFileType = sourcecode.c.h; path = secondViewController.h; sourceTree = "<group>"; };
		18FD4E581E8B84D9002709E7 /* secondViewController.m */ = {isa = PBXFileReference; fileEncoding = 4; lastKnownFileType = sourcecode.c.objc; path = secondViewController.m; sourceTree = "<group>"; };
/* End PBXFileReference section */

/* Begin PBXFrameworksBuildPhase section */
		183E74AA1E81FACE00B3B14B /* Frameworks */ = {
			isa = PBXFrameworksBuildPhase;
			buildActionMask = 2147483647;
			files = (
			);
			runOnlyForDeploymentPostprocessing = 0;
		};
		183E74C31E81FACE00B3B14B /* Frameworks */ = {
			isa = PBXFrameworksBuildPhase;
			buildActionMask = 2147483647;
			files = (
			);
			runOnlyForDeploymentPostprocessing = 0;
		};
		183E74CE1E81FACE00B3B14B /* Frameworks */ = {
			isa = PBXFrameworksBuildPhase;
			buildActionMask = 2147483647;
			files = (
			);
			runOnlyForDeploymentPostprocessing = 0;
		};
/* End PBXFrameworksBuildPhase section */

/* Begin PBXGroup section */
		183E74A41E81FACE00B3B14B = {
			isa = PBXGroup;
			children = (
				183E74AF1E81FACE00B3B14B /* DemoOfPlay */,
				183E74C91E81FACE00B3B14B /* DemoOfPlayTests */,
				183E74D41E81FACE00B3B14B /* DemoOfPlayUITests */,
				183E74AE1E81FACE00B3B14B /* Products */,
			);
			sourceTree = "<group>";
		};
		183E74AE1E81FACE00B3B14B /* Products */ = {
			isa = PBXGroup;
			children = (
				183E74AD1E81FACE00B3B14B /* DemoOfPlay.app */,
				183E74C61E81FACE00B3B14B /* DemoOfPlayTests.xctest */,
				183E74D11E81FACE00B3B14B /* DemoOfPlayUITests.xctest */,
			);
			name = Products;
			sourceTree = "<group>";
		};
		183E74AF1E81FACE00B3B14B /* DemoOfPlay */ = {
			isa = PBXGroup;
			children = (
				183E75B71E83B36900B3B14B /* WMPlayer */,
				183E75A71E8392A400B3B14B /* CLPlayer */,
				183E75441E8284CC00B3B14B /* Masonry */,
				183E74B31E81FACE00B3B14B /* AppDelegate.h */,
				183E74B41E81FACE00B3B14B /* AppDelegate.m */,
				183E74B61E81FACE00B3B14B /* ViewController.h */,
				183E74B71E81FACE00B3B14B /* ViewController.m */,
				183E74B91E81FACE00B3B14B /* Main.storyboard */,
				183E74BC1E81FACE00B3B14B /* Assets.xcassets */,
				183E74BE1E81FACE00B3B14B /* LaunchScreen.storyboard */,
				183E74C11E81FACE00B3B14B /* Info.plist */,
				183E74B01E81FACE00B3B14B /* Supporting Files */,
				18FD4E571E8B84D9002709E7 /* secondViewController.h */,
				18FD4E581E8B84D9002709E7 /* secondViewController.m */,
			);
			path = DemoOfPlay;
			sourceTree = "<group>";
		};
		183E74B01E81FACE00B3B14B /* Supporting Files */ = {
			isa = PBXGroup;
			children = (
				183E74B11E81FACE00B3B14B /* main.m */,
			);
			name = "Supporting Files";
			sourceTree = "<group>";
		};
		183E74C91E81FACE00B3B14B /* DemoOfPlayTests */ = {
			isa = PBXGroup;
			children = (
				183E74CA1E81FACE00B3B14B /* DemoOfPlayTests.m */,
				183E74CC1E81FACE00B3B14B /* Info.plist */,
			);
			path = DemoOfPlayTests;
			sourceTree = "<group>";
		};
		183E74D41E81FACE00B3B14B /* DemoOfPlayUITests */ = {
			isa = PBXGroup;
			children = (
				183E74D51E81FACE00B3B14B /* DemoOfPlayUITests.m */,
				183E74D71E81FACE00B3B14B /* Info.plist */,
			);
			path = DemoOfPlayUITests;
			sourceTree = "<group>";
		};
		183E75441E8284CC00B3B14B /* Masonry */ = {
			isa = PBXGroup;
			children = (
				183E75451E8284CC00B3B14B /* LICENSE */,
				183E75461E8284CC00B3B14B /* Masonry */,
				183E75601E8284CC00B3B14B /* README.md */,
			);
			path = Masonry;
			sourceTree = "<group>";
		};
		183E75461E8284CC00B3B14B /* Masonry */ = {
			isa = PBXGroup;
			children = (
				183E75471E8284CC00B3B14B /* MASCompositeConstraint.h */,
				183E75481E8284CC00B3B14B /* MASCompositeConstraint.m */,
				183E75491E8284CC00B3B14B /* MASConstraint+Private.h */,
				183E754A1E8284CC00B3B14B /* MASConstraint.h */,
				183E754B1E8284CC00B3B14B /* MASConstraint.m */,
				183E754C1E8284CC00B3B14B /* MASConstraintMaker.h */,
				183E754D1E8284CC00B3B14B /* MASConstraintMaker.m */,
				183E754E1E8284CC00B3B14B /* MASLayoutConstraint.h */,
				183E754F1E8284CC00B3B14B /* MASLayoutConstraint.m */,
				183E75501E8284CC00B3B14B /* Masonry.h */,
				183E75511E8284CC00B3B14B /* MASUtilities.h */,
				183E75521E8284CC00B3B14B /* MASViewAttribute.h */,
				183E75531E8284CC00B3B14B /* MASViewAttribute.m */,
				183E75541E8284CC00B3B14B /* MASViewConstraint.h */,
				183E75551E8284CC00B3B14B /* MASViewConstraint.m */,
				183E75561E8284CC00B3B14B /* NSArray+MASAdditions.h */,
				183E75571E8284CC00B3B14B /* NSArray+MASAdditions.m */,
				183E75581E8284CC00B3B14B /* NSArray+MASShorthandAdditions.h */,
				183E75591E8284CC00B3B14B /* NSLayoutConstraint+MASDebugAdditions.h */,
				183E755A1E8284CC00B3B14B /* NSLayoutConstraint+MASDebugAdditions.m */,
				183E755B1E8284CC00B3B14B /* View+MASAdditions.h */,
				183E755C1E8284CC00B3B14B /* View+MASAdditions.m */,
				183E755D1E8284CC00B3B14B /* View+MASShorthandAdditions.h */,
				183E755E1E8284CC00B3B14B /* ViewController+MASAdditions.h */,
				183E755F1E8284CC00B3B14B /* ViewController+MASAdditions.m */,
			);
			path = Masonry;
			sourceTree = "<group>";
		};
		183E75A71E8392A400B3B14B /* CLPlayer */ = {
			isa = PBXGroup;
			children = (
				183E75A81E8392A400B3B14B /* CLPlayer.bundle */,
				183E75A91E8392A400B3B14B /* CLPlayerMaskView.h */,
				183E75AA1E8392A400B3B14B /* CLPlayerMaskView.m */,
				183E75AB1E8392A400B3B14B /* CLPlayerView.h */,
				183E75AC1E8392A400B3B14B /* CLPlayerView.m */,
				183E75AD1E8392A400B3B14B /* CLSlider.h */,
				183E75AE1E8392A400B3B14B /* CLSlider.m */,
			);
			path = CLPlayer;
			sourceTree = "<group>";
		};
		183E75B71E83B36900B3B14B /* WMPlayer */ = {
			isa = PBXGroup;
			children = (
				183E75B81E83B36900B3B14B /* View */,
				183E75BE1E83B36900B3B14B /* WMPlayer.bundle */,
				183E75BF1E83B36900B3B14B /* WMPlayer.h */,
				183E75C01E83B36900B3B14B /* WMPlayer.m */,
			);
			path = WMPlayer;
			sourceTree = "<group>";
		};
		183E75B81E83B36900B3B14B /* View */ = {
			isa = PBXGroup;
			children = (
				183E75B91E83B36900B3B14B /* FastForwardView.h */,
				183E75BA1E83B36900B3B14B /* FastForwardView.m */,
				183E75BB1E83B36900B3B14B /* FastForwardView.xib */,
				183E75BC1E83B36900B3B14B /* WMLightView.h */,
				183E75BD1E83B36900B3B14B /* WMLightView.m */,
			);
			path = View;
			sourceTree = "<group>";
		};
/* End PBXGroup section */

/* Begin PBXNativeTarget section */
		183E74AC1E81FACE00B3B14B /* DemoOfPlay */ = {
			isa = PBXNativeTarget;
			buildConfigurationList = 183E74DA1E81FACE00B3B14B /* Build configuration list for PBXNativeTarget "DemoOfPlay" */;
			buildPhases = (
				183E74A91E81FACE00B3B14B /* Sources */,
				183E74AA1E81FACE00B3B14B /* Frameworks */,
				183E74AB1E81FACE00B3B14B /* Resources */,
			);
			buildRules = (
			);
			dependencies = (
			);
			name = DemoOfPlay;
			productName = DemoOfPlay;
			productReference = 183E74AD1E81FACE00B3B14B /* DemoOfPlay.app */;
			productType = "com.apple.product-type.application";
		};
		183E74C51E81FACE00B3B14B /* DemoOfPlayTests */ = {
			isa = PBXNativeTarget;
			buildConfigurationList = 183E74DD1E81FACE00B3B14B /* Build configuration list for PBXNativeTarget "DemoOfPlayTests" */;
			buildPhases = (
				183E74C21E81FACE00B3B14B /* Sources */,
				183E74C31E81FACE00B3B14B /* Frameworks */,
				183E74C41E81FACE00B3B14B /* Resources */,
			);
			buildRules = (
			);
			dependencies = (
				183E74C81E81FACE00B3B14B /* PBXTargetDependency */,
			);
			name = DemoOfPlayTests;
			productName = DemoOfPlayTests;
			productReference = 183E74C61E81FACE00B3B14B /* DemoOfPlayTests.xctest */;
			productType = "com.apple.product-type.bundle.unit-test";
		};
		183E74D01E81FACE00B3B14B /* DemoOfPlayUITests */ = {
			isa = PBXNativeTarget;
			buildConfigurationList = 183E74E01E81FACE00B3B14B /* Build configuration list for PBXNativeTarget "DemoOfPlayUITests" */;
			buildPhases = (
				183E74CD1E81FACE00B3B14B /* Sources */,
				183E74CE1E81FACE00B3B14B /* Frameworks */,
				183E74CF1E81FACE00B3B14B /* Resources */,
			);
			buildRules = (
			);
			dependencies = (
				183E74D31E81FACE00B3B14B /* PBXTargetDependency */,
			);
			name = DemoOfPlayUITests;
			productName = DemoOfPlayUITests;
			productReference = 183E74D11E81FACE00B3B14B /* DemoOfPlayUITests.xctest */;
			productType = "com.apple.product-type.bundle.ui-testing";
		};
/* End PBXNativeTarget section */

/* Begin PBXProject section */
		183E74A51E81FACE00B3B14B /* Project object */ = {
			isa = PBXProject;
			attributes = {
				LastUpgradeCheck = 0730;
				ORGANIZATIONNAME = apple;
				TargetAttributes = {
					183E74AC1E81FACE00B3B14B = {
						CreatedOnToolsVersion = 7.3.1;
						DevelopmentTeam = HFN543GB5Y;
					};
					183E74C51E81FACE00B3B14B = {
						CreatedOnToolsVersion = 7.3.1;
						TestTargetID = 183E74AC1E81FACE00B3B14B;
					};
					183E74D01E81FACE00B3B14B = {
						CreatedOnToolsVersion = 7.3.1;
						TestTargetID = 183E74AC1E81FACE00B3B14B;
					};
				};
			};
			buildConfigurationList = 183E74A81E81FACE00B3B14B /* Build configuration list for PBXProject "DemoOfPlay" */;
			compatibilityVersion = "Xcode 3.2";
			developmentRegion = English;
			hasScannedForEncodings = 0;
			knownRegions = (
				en,
				Base,
			);
			mainGroup = 183E74A41E81FACE00B3B14B;
			productRefGroup = 183E74AE1E81FACE00B3B14B /* Products */;
			projectDirPath = "";
			projectRoot = "";
			targets = (
				183E74AC1E81FACE00B3B14B /* DemoOfPlay */,
				183E74C51E81FACE00B3B14B /* DemoOfPlayTests */,
				183E74D01E81FACE00B3B14B /* DemoOfPlayUITests */,
			);
		};
/* End PBXProject section */

/* Begin PBXResourcesBuildPhase section */
		183E74AB1E81FACE00B3B14B /* Resources */ = {
			isa = PBXResourcesBuildPhase;
			buildActionMask = 2147483647;
			files = (
				183E74C01E81FACE00B3B14B /* LaunchScreen.storyboard in Resources */,
				183E74BD1E81FACE00B3B14B /* Assets.xcassets in Resources */,
				183E75C21E83B36900B3B14B /* FastForwardView.xib in Resources */,
				183E74BB1E81FACE00B3B14B /* Main.storyboard in Resources */,
				183E75AF1E8392A400B3B14B /* CLPlayer.bundle in Resources */,
				183E75611E8284CC00B3B14B /* LICENSE in Resources */,
				183E75C41E83B36900B3B14B /* WMPlayer.bundle in Resources */,
			);
			runOnlyForDeploymentPostprocessing = 0;
		};
		183E74C41E81FACE00B3B14B /* Resources */ = {
			isa = PBXResourcesBuildPhase;
			buildActionMask = 2147483647;
			files = (
			);
			runOnlyForDeploymentPostprocessing = 0;
		};
		183E74CF1E81FACE00B3B14B /* Resources */ = {
			isa = PBXResourcesBuildPhase;
			buildActionMask = 2147483647;
			files = (
			);
			runOnlyForDeploymentPostprocessing = 0;
		};
/* End PBXResourcesBuildPhase section */

/* Begin PBXSourcesBuildPhase section */
		183E74A91E81FACE00B3B14B /* Sources */ = {
			isa = PBXSourcesBuildPhase;
			buildActionMask = 2147483647;
			files = (
				183E75B11E8392A400B3B14B /* CLPlayerView.m in Sources */,
				183E75641E8284CC00B3B14B /* MASConstraintMaker.m in Sources */,
				183E75C31E83B36900B3B14B /* WMLightView.m in Sources */,
				183E74B81E81FACE00B3B14B /* ViewController.m in Sources */,
				183E74B51E81FACE00B3B14B /* AppDelegate.m in Sources */,
				183E75631E8284CC00B3B14B /* MASConstraint.m in Sources */,
				183E75C51E83B36900B3B14B /* WMPlayer.m in Sources */,
				183E75B21E8392A400B3B14B /* CLSlider.m in Sources */,
				183E756B1E8284CC00B3B14B /* ViewController+MASAdditions.m in Sources */,
				183E75651E8284CC00B3B14B /* MASLayoutConstraint.m in Sources */,
				183E75C11E83B36900B3B14B /* FastForwardView.m in Sources */,
				183E75681E8284CC00B3B14B /* NSArray+MASAdditions.m in Sources */,
				183E75671E8284CC00B3B14B /* MASViewConstraint.m in Sources */,
				183E75661E8284CC00B3B14B /* MASViewAttribute.m in Sources */,
				183E756A1E8284CC00B3B14B /* View+MASAdditions.m in Sources */,
				183E74B21E81FACE00B3B14B /* main.m in Sources */,
				18FD4E591E8B84D9002709E7 /* secondViewController.m in Sources */,
				183E756C1E8284CC00B3B14B /* README.md in Sources */,
				183E75621E8284CC00B3B14B /* MASCompositeConstraint.m in Sources */,
				183E75691E8284CC00B3B14B /* NSLayoutConstraint+MASDebugAdditions.m in Sources */,
				183E75B01E8392A400B3B14B /* CLPlayerMaskView.m in Sources */,
			);
			runOnlyForDeploymentPostprocessing = 0;
		};
		183E74C21E81FACE00B3B14B /* Sources */ = {
			isa = PBXSourcesBuildPhase;
			buildActionMask = 2147483647;
			files = (
				183E74CB1E81FACE00B3B14B /* DemoOfPlayTests.m in Sources */,
			);
			runOnlyForDeploymentPostprocessing = 0;
		};
		183E74CD1E81FACE00B3B14B /* Sources */ = {
			isa = PBXSourcesBuildPhase;
			buildActionMask = 2147483647;
			files = (
				183E74D61E81FACE00B3B14B /* DemoOfPlayUITests.m in Sources */,
			);
			runOnlyForDeploymentPostprocessing = 0;
		};
/* End PBXSourcesBuildPhase section */

/* Begin PBXTargetDependency section */
		183E74C81E81FACE00B3B14B /* PBXTargetDependency */ = {
			isa = PBXTargetDependency;
			target = 183E74AC1E81FACE00B3B14B /* DemoOfPlay */;
			targetProxy = 183E74C71E81FACE00B3B14B /* PBXContainerItemProxy */;
		};
		183E74D31E81FACE00B3B14B /* PBXTargetDependency */ = {
			isa = PBXTargetDependency;
			target = 183E74AC1E81FACE00B3B14B /* DemoOfPlay */;
			targetProxy = 183E74D21E81FACE00B3B14B /* PBXContainerItemProxy */;
		};
/* End PBXTargetDependency section */

/* Begin PBXVariantGroup section */
		183E74B91E81FACE00B3B14B /* Main.storyboard */ = {
			isa = PBXVariantGroup;
			children = (
				183E74BA1E81FACE00B3B14B /* Base */,
			);
			name = Main.storyboard;
			sourceTree = "<group>";
		};
		183E74BE1E81FACE00B3B14B /* LaunchScreen.storyboard */ = {
			isa = PBXVariantGroup;
			children = (
				183E74BF1E81FACE00B3B14B /* Base */,
			);
			name = LaunchScreen.storyboard;
			sourceTree = "<group>";
		};
/* End PBXVariantGroup section */

/* Begin XCBuildConfiguration section */
		183E74D81E81FACE00B3B14B /* Debug */ = {
			isa = XCBuildConfiguration;
			buildSettings = {
				ALWAYS_SEARCH_USER_PATHS = NO;
				CLANG_ANALYZER_NONNULL = YES;
				CLANG_CXX_LANGUAGE_STANDARD = "gnu++0x";
				CLANG_CXX_LIBRARY = "libc++";
				CLANG_ENABLE_MODULES = YES;
				CLANG_ENABLE_OBJC_ARC = YES;
				CLANG_WARN_BOOL_CONVERSION = YES;
				CLANG_WARN_CONSTANT_CONVERSION = YES;
				CLANG_WARN_DIRECT_OBJC_ISA_USAGE = YES_ERROR;
				CLANG_WARN_EMPTY_BODY = YES;
				CLANG_WARN_ENUM_CONVERSION = YES;
				CLANG_WARN_INT_CONVERSION = YES;
				CLANG_WARN_OBJC_ROOT_CLASS = YES_ERROR;
				CLANG_WARN_UNREACHABLE_CODE = YES;
				CLANG_WARN__DUPLICATE_METHOD_MATCH = YES;
				"CODE_SIGN_IDENTITY[sdk=iphoneos*]" = "iPhone Developer";
				COPY_PHASE_STRIP = NO;
				DEBUG_INFORMATION_FORMAT = dwarf;
				ENABLE_STRICT_OBJC_MSGSEND = YES;
				ENABLE_TESTABILITY = YES;
				GCC_C_LANGUAGE_STANDARD = gnu99;
				GCC_DYNAMIC_NO_PIC = NO;
				GCC_NO_COMMON_BLOCKS = YES;
				GCC_OPTIMIZATION_LEVEL = 0;
				GCC_PREPROCESSOR_DEFINITIONS = (
					"DEBUG=1",
					"$(inherited)",
				);
				GCC_WARN_64_TO_32_BIT_CONVERSION = YES;
				GCC_WARN_ABOUT_RETURN_TYPE = YES_ERROR;
				GCC_WARN_UNDECLARED_SELECTOR = YES;
				GCC_WARN_UNINITIALIZED_AUTOS = YES_AGGRESSIVE;
				GCC_WARN_UNUSED_FUNCTION = YES;
				GCC_WARN_UNUSED_VARIABLE = YES;
				IPHONEOS_DEPLOYMENT_TARGET = 9.3;
				MTL_ENABLE_DEBUG_INFO = YES;
				ONLY_ACTIVE_ARCH = YES;
				SDKROOT = iphoneos;
				TARGETED_DEVICE_FAMILY = "1,2";
			};
			name = Debug;
		};
		183E74D91E81FACE00B3B14B /* Release */ = {
			isa = XCBuildConfiguration;
			buildSettings = {
				ALWAYS_SEARCH_USER_PATHS = NO;
				CLANG_ANALYZER_NONNULL = YES;
				CLANG_CXX_LANGUAGE_STANDARD = "gnu++0x";
				CLANG_CXX_LIBRARY = "libc++";
				CLANG_ENABLE_MODULES = YES;
				CLANG_ENABLE_OBJC_ARC = YES;
				CLANG_WARN_BOOL_CONVERSION = YES;
				CLANG_WARN_CONSTANT_CONVERSION = YES;
				CLANG_WARN_DIRECT_OBJC_ISA_USAGE = YES_ERROR;
				CLANG_WARN_EMPTY_BODY = YES;
				CLANG_WARN_ENUM_CONVERSION = YES;
				CLANG_WARN_INT_CONVERSION = YES;
				CLANG_WARN_OBJC_ROOT_CLASS = YES_ERROR;
				CLANG_WARN_UNREACHABLE_CODE = YES;
				CLANG_WARN__DUPLICATE_METHOD_MATCH = YES;
				"CODE_SIGN_IDENTITY[sdk=iphoneos*]" = "iPhone Developer";
				COPY_PHASE_STRIP = NO;
				DEBUG_INFORMATION_FORMAT = "dwarf-with-dsym";
				ENABLE_NS_ASSERTIONS = NO;
				ENABLE_STRICT_OBJC_MSGSEND = YES;
				GCC_C_LANGUAGE_STANDARD = gnu99;
				GCC_NO_COMMON_BLOCKS = YES;
				GCC_WARN_64_TO_32_BIT_CONVERSION = YES;
				GCC_WARN_ABOUT_RETURN_TYPE = YES_ERROR;
				GCC_WARN_UNDECLARED_SELECTOR = YES;
				GCC_WARN_UNINITIALIZED_AUTOS = YES_AGGRESSIVE;
				GCC_WARN_UNUSED_FUNCTION = YES;
				GCC_WARN_UNUSED_VARIABLE = YES;
				IPHONEOS_DEPLOYMENT_TARGET = 9.3;
				MTL_ENABLE_DEBUG_INFO = NO;
				SDKROOT = iphoneos;
				TARGETED_DEVICE_FAMILY = "1,2";
				VALIDATE_PRODUCT = YES;
			};
			name = Release;
		};
		183E74DB1E81FACE00B3B14B /* Debug */ = {
			isa = XCBuildConfiguration;
			buildSettings = {
				ASSETCATALOG_COMPILER_APPICON_NAME = AppIcon;
				CODE_SIGN_IDENTITY = "iPhone Developer";
				INFOPLIST_FILE = DemoOfPlay/Info.plist;
				LD_RUNPATH_SEARCH_PATHS = "$(inherited) @executable_path/Frameworks";
				PRODUCT_BUNDLE_IDENTIFIER = LZ.DemoOfPlay;
				PRODUCT_NAME = "$(TARGET_NAME)";
			};
			name = Debug;
		};
		183E74DC1E81FACE00B3B14B /* Release */ = {
			isa = XCBuildConfiguration;
			buildSettings = {
				ASSETCATALOG_COMPILER_APPICON_NAME = AppIcon;
				CODE_SIGN_IDENTITY = "iPhone Developer";
				INFOPLIST_FILE = DemoOfPlay/Info.plist;
				LD_RUNPATH_SEARCH_PATHS = "$(inherited) @executable_path/Frameworks";
				PRODUCT_BUNDLE_IDENTIFIER = LZ.DemoOfPlay;
				PRODUCT_NAME = "$(TARGET_NAME)";
			};
			name = Release;
		};
		183E74DE1E81FACE00B3B14B /* Debug */ = {
			isa = XCBuildConfiguration;
			buildSettings = {
				BUNDLE_LOADER = "$(TEST_HOST)";
				INFOPLIST_FILE = DemoOfPlayTests/Info.plist;
				LD_RUNPATH_SEARCH_PATHS = "$(inherited) @executable_path/Frameworks @loader_path/Frameworks";
				PRODUCT_BUNDLE_IDENTIFIER = LZ.DemoOfPlayTests;
				PRODUCT_NAME = "$(TARGET_NAME)";
				TEST_HOST = "$(BUILT_PRODUCTS_DIR)/DemoOfPlay.app/DemoOfPlay";
			};
			name = Debug;
		};
		183E74DF1E81FACE00B3B14B /* Release */ = {
			isa = XCBuildConfiguration;
			buildSettings = {
				BUNDLE_LOADER = "$(TEST_HOST)";
				INFOPLIST_FILE = DemoOfPlayTests/Info.plist;
				LD_RUNPATH_SEARCH_PATHS = "$(inherited) @executable_path/Frameworks @loader_path/Frameworks";
				PRODUCT_BUNDLE_IDENTIFIER = LZ.DemoOfPlayTests;
				PRODUCT_NAME = "$(TARGET_NAME)";
				TEST_HOST = "$(BUILT_PRODUCTS_DIR)/DemoOfPlay.app/DemoOfPlay";
			};
			name = Release;
		};
		183E74E11E81FACE00B3B14B /* Debug */ = {
			isa = XCBuildConfiguration;
			buildSettings = {
				INFOPLIST_FILE = DemoOfPlayUITests/Info.plist;
				LD_RUNPATH_SEARCH_PATHS = "$(inherited) @executable_path/Frameworks @loader_path/Frameworks";
				PRODUCT_BUNDLE_IDENTIFIER = LZ.DemoOfPlayUITests;
				PRODUCT_NAME = "$(TARGET_NAME)";
				TEST_TARGET_NAME = DemoOfPlay;
			};
			name = Debug;
		};
		183E74E21E81FACE00B3B14B /* Release */ = {
			isa = XCBuildConfiguration;
			buildSettings = {
				INFOPLIST_FILE = DemoOfPlayUITests/Info.plist;
				LD_RUNPATH_SEARCH_PATHS = "$(inherited) @executable_path/Frameworks @loader_path/Frameworks";
				PRODUCT_BUNDLE_IDENTIFIER = LZ.DemoOfPlayUITests;
				PRODUCT_NAME = "$(TARGET_NAME)";
				TEST_TARGET_NAME = DemoOfPlay;
			};
			name = Release;
		};
/* End XCBuildConfiguration section */

/* Begin XCConfigurationList section */
		183E74A81E81FACE00B3B14B /* Build configuration list for PBXProject "DemoOfPlay" */ = {
			isa = XCConfigurationList;
			buildConfigurations = (
				183E74D81E81FACE00B3B14B /* Debug */,
				183E74D91E81FACE00B3B14B /* Release */,
			);
			defaultConfigurationIsVisible = 0;
			defaultConfigurationName = Release;
		};
		183E74DA1E81FACE00B3B14B /* Build configuration list for PBXNativeTarget "DemoOfPlay" */ = {
			isa = XCConfigurationList;
			buildConfigurations = (
				183E74DB1E81FACE00B3B14B /* Debug */,
				183E74DC1E81FACE00B3B14B /* Release */,
			);
			defaultConfigurationIsVisible = 0;
			defaultConfigurationName = Release;
		};
		183E74DD1E81FACE00B3B14B /* Build configuration list for PBXNativeTarget "DemoOfPlayTests" */ = {
			isa = XCConfigurationList;
			buildConfigurations = (
				183E74DE1E81FACE00B3B14B /* Debug */,
				183E74DF1E81FACE00B3B14B /* Release */,
			);
			defaultConfigurationIsVisible = 0;
			defaultConfigurationName = Release;
		};
		183E74E01E81FACE00B3B14B /* Build configuration list for PBXNativeTarget "DemoOfPlayUITests" */ = {
			isa = XCConfigurationList;
			buildConfigurations = (
				183E74E11E81FACE00B3B14B /* Debug */,
				183E74E21E81FACE00B3B14B /* Release */,
			);
			defaultConfigurationIsVisible = 0;
			defaultConfigurationName = Release;
		};
/* End XCConfigurationList section */
	};
	rootObject = 183E74A51E81FACE00B3B14B /* Project object */;
}
